
Microsoft Visual Studio Solution File, Format Version 12.00
# Visual Studio Version 17
VisualStudioVersion = 17.6.33815.320
MinimumVisualStudioVersion = 10.0.40219.1
Project("{2150E333-8FDC-42A3-9474-1A3956D46DE8}") = "FrondEnd", "FrondEnd", "{7CAFDFB5-CBF5-46EC-A5E5-ACACFADF2A5A}"
EndProject
Project("{2150E333-8FDC-42A3-9474-1A3956D46DE8}") = "Gateway", "Gateway", "{F0ACBB3E-7AA6-4C1B-8002-8FD57D811EE7}"
EndProject
Project("{2150E333-8FDC-42A3-9474-1A3956D46DE8}") = "Services", "Services", "{51BE80DA-2616-4993-A38B-91A89232D2CA}"
EndProject
Project("{9A19103F-16F7-4668-BE54-9A1E7A4F7556}") = "PVM.Web", "PVM.Web\PVM.Web.csproj", "{D0E2AD46-CB3C-4FA2-882E-2E50AB101D27}"
EndProject
Project("{9A19103F-16F7-4668-BE54-9A1E7A4F7556}") = "PVM.Service.Security", "PVM.Services.Security\PVM.Service.Security.csproj", "{34E4FB79-6728-4FBB-96AD-57D5C40E36F2}"
EndProject
Project("{2150E333-8FDC-42A3-9474-1A3956D46DE8}") = "Shared", "Shared", "{71336C7F-3D45-4A57-BDC5-645C4350E79C}"
EndProject
Project("{9A19103F-16F7-4668-BE54-9A1E7A4F7556}") = "PVM.SharedLibrary", "PVM.SharedLibrary\PVM.SharedLibrary.csproj", "{1EB5CC3F-CB2F-4B5C-B344-FD241430A32E}"
EndProject
Project("{2150E333-8FDC-42A3-9474-1A3956D46DE8}") = "Helpers", "Helpers", "{936ABE97-FAC6-4AD4-809D-F1A943A895B2}"
EndProject
Project("{9A19103F-16F7-4668-BE54-9A1E7A4F7556}") = "WebApiTemplate", "WebApiTemplate\WebApiTemplate.csproj", "{D9DF25E7-E0B6-44C9-8693-8BD771EABC06}"
EndProject
Project("{2150E333-8FDC-42A3-9474-1A3956D46DE8}") = "Solution Items", "Solution Items", "{B977D0B0-155A-4583-955E-696F3A09604A}"
	ProjectSection(SolutionItems) = preProject
		.editorconfig = .editorconfig
	EndProjectSection
EndProject
Project("{9A19103F-16F7-4668-BE54-9A1E7A4F7556}") = "PVM.Service.Notifications", "PVM.Service.Notifications\PVM.Service.Notifications.csproj", "{C8001966-1524-49F7-A81E-048DA54DDE9E}"
EndProject
Project("{9A19103F-16F7-4668-BE54-9A1E7A4F7556}") = "PVM.Service.Bills", "PVM.Service.Bills\PVM.Service.Bills.csproj", "{046EFB91-F066-4597-BC1D-E16AC51A1138}"
EndProject
Project("{9A19103F-16F7-4668-BE54-9A1E7A4F7556}") = "PVM.Gateway", "PVM.Gateway\PVM.Gateway.csproj", "{9AA756E4-0E0E-4E88-B599-009DEF96F4CC}"
EndProject
Project("{9A19103F-16F7-4668-BE54-9A1E7A4F7556}") = "PVM.Service.Gestpro", "PVM.Services.Gestpro\PVM.Service.Gestpro.csproj", "{0510FF4C-C735-474D-9060-9556D5D5F143}"
EndProject
Project("{9A19103F-16F7-4668-BE54-9A1E7A4F7556}") = "PVM.Service.SFTP", "PVM.Service.SFTP\PVM.Service.SFTP.csproj", "{62349707-B353-4A29-868D-76BAF030B871}"
EndProject
Project("{9A19103F-16F7-4668-BE54-9A1E7A4F7556}") = "PVM.Service.Security.Tests", "PVM.Services.Security.Tests\PVM.Service.Security.Tests.csproj", "{07FB0819-5D99-4246-98DD-6BE4A6E96EA8}"
EndProject
Project("{9A19103F-16F7-4668-BE54-9A1E7A4F7556}") = "PVM.Service.Gestpro.Test", "PVM.Service.Gestpro.Test\PVM.Service.Gestpro.Test.csproj", "{55F61406-FFE5-471B-978E-F1FF69956269}"
EndProject
Project("{E53339B2-1760-4266-BCC7-CA923CBCF16C}") = "docker-compose", "docker-compose.dcproj", "{FAA29354-4314-4B70-817F-ED9952DC5126}"
EndProject
Project("{9A19103F-16F7-4668-BE54-9A1E7A4F7556}") = "PVM.Service.OCR", "PVM.Service.OCR\PVM.Service.OCR.csproj", "{9B806F6B-098A-48D6-9F3C-1773A61229A0}"
EndProject
Project("{2150E333-8FDC-42A3-9474-1A3956D46DE8}") = "OCR", "OCR", "{A356662C-F063-474C-AE67-E9CD43E91B2E}"
EndProject
Project("{2150E333-8FDC-42A3-9474-1A3956D46DE8}") = "Test", "Test", "{A02A1549-A7E3-4786-8813-00BBE1A0826B}"
EndProject
Project("{9A19103F-16F7-4668-BE54-9A1E7A4F7556}") = "PVM.Websftp", "PVM.Websftp\PVM.Websftp.csproj", "{CDC51D4B-F8F4-4F90-A255-C7B16CDDB2D6}"
EndProject
Global
	GlobalSection(SolutionConfigurationPlatforms) = preSolution
		Debug|Any CPU = Debug|Any CPU
		Debug|x64 = Debug|x64
		Release|Any CPU = Release|Any CPU
		Release|x64 = Release|x64
	EndGlobalSection
	GlobalSection(ProjectConfigurationPlatforms) = postSolution
		{D0E2AD46-CB3C-4FA2-882E-2E50AB101D27}.Debug|Any CPU.ActiveCfg = Debug|Any CPU
		{D0E2AD46-CB3C-4FA2-882E-2E50AB101D27}.Debug|Any CPU.Build.0 = Debug|Any CPU
		{D0E2AD46-CB3C-4FA2-882E-2E50AB101D27}.Debug|x64.ActiveCfg = Debug|Any CPU
		{D0E2AD46-CB3C-4FA2-882E-2E50AB101D27}.Debug|x64.Build.0 = Debug|Any CPU
		{D0E2AD46-CB3C-4FA2-882E-2E50AB101D27}.Release|Any CPU.ActiveCfg = Release|Any CPU
		{D0E2AD46-CB3C-4FA2-882E-2E50AB101D27}.Release|Any CPU.Build.0 = Release|Any CPU
		{D0E2AD46-CB3C-4FA2-882E-2E50AB101D27}.Release|x64.ActiveCfg = Release|Any CPU
		{D0E2AD46-CB3C-4FA2-882E-2E50AB101D27}.Release|x64.Build.0 = Release|Any CPU
		{34E4FB79-6728-4FBB-96AD-57D5C40E36F2}.Debug|Any CPU.ActiveCfg = Debug|Any CPU
		{34E4FB79-6728-4FBB-96AD-57D5C40E36F2}.Debug|Any CPU.Build.0 = Debug|Any CPU
		{34E4FB79-6728-4FBB-96AD-57D5C40E36F2}.Debug|x64.ActiveCfg = Debug|Any CPU
		{34E4FB79-6728-4FBB-96AD-57D5C40E36F2}.Debug|x64.Build.0 = Debug|Any CPU
		{34E4FB79-6728-4FBB-96AD-57D5C40E36F2}.Release|Any CPU.ActiveCfg = Release|Any CPU
		{34E4FB79-6728-4FBB-96AD-57D5C40E36F2}.Release|Any CPU.Build.0 = Release|Any CPU
		{34E4FB79-6728-4FBB-96AD-57D5C40E36F2}.Release|x64.ActiveCfg = Release|Any CPU
		{34E4FB79-6728-4FBB-96AD-57D5C40E36F2}.Release|x64.Build.0 = Release|Any CPU
		{1EB5CC3F-CB2F-4B5C-B344-FD241430A32E}.Debug|Any CPU.ActiveCfg = Debug|Any CPU
		{1EB5CC3F-CB2F-4B5C-B344-FD241430A32E}.Debug|Any CPU.Build.0 = Debug|Any CPU
		{1EB5CC3F-CB2F-4B5C-B344-FD241430A32E}.Debug|x64.ActiveCfg = Debug|Any CPU
		{1EB5CC3F-CB2F-4B5C-B344-FD241430A32E}.Debug|x64.Build.0 = Debug|Any CPU
		{1EB5CC3F-CB2F-4B5C-B344-FD241430A32E}.Release|Any CPU.ActiveCfg = Release|Any CPU
		{1EB5CC3F-CB2F-4B5C-B344-FD241430A32E}.Release|Any CPU.Build.0 = Release|Any CPU
		{1EB5CC3F-CB2F-4B5C-B344-FD241430A32E}.Release|x64.ActiveCfg = Release|Any CPU
		{1EB5CC3F-CB2F-4B5C-B344-FD241430A32E}.Release|x64.Build.0 = Release|Any CPU
		{D9DF25E7-E0B6-44C9-8693-8BD771EABC06}.Debug|Any CPU.ActiveCfg = Debug|Any CPU
		{D9DF25E7-E0B6-44C9-8693-8BD771EABC06}.Debug|Any CPU.Build.0 = Debug|Any CPU
		{D9DF25E7-E0B6-44C9-8693-8BD771EABC06}.Debug|x64.ActiveCfg = Debug|Any CPU
		{D9DF25E7-E0B6-44C9-8693-8BD771EABC06}.Debug|x64.Build.0 = Debug|Any CPU
		{D9DF25E7-E0B6-44C9-8693-8BD771EABC06}.Release|Any CPU.ActiveCfg = Release|Any CPU
		{D9DF25E7-E0B6-44C9-8693-8BD771EABC06}.Release|Any CPU.Build.0 = Release|Any CPU
		{D9DF25E7-E0B6-44C9-8693-8BD771EABC06}.Release|x64.ActiveCfg = Release|Any CPU
		{D9DF25E7-E0B6-44C9-8693-8BD771EABC06}.Release|x64.Build.0 = Release|Any CPU
		{C8001966-1524-49F7-A81E-048DA54DDE9E}.Debug|Any CPU.ActiveCfg = Debug|Any CPU
		{C8001966-1524-49F7-A81E-048DA54DDE9E}.Debug|Any CPU.Build.0 = Debug|Any CPU
		{C8001966-1524-49F7-A81E-048DA54DDE9E}.Debug|x64.ActiveCfg = Debug|Any CPU
		{C8001966-1524-49F7-A81E-048DA54DDE9E}.Debug|x64.Build.0 = Debug|Any CPU
		{C8001966-1524-49F7-A81E-048DA54DDE9E}.Release|Any CPU.ActiveCfg = Release|Any CPU
		{C8001966-1524-49F7-A81E-048DA54DDE9E}.Release|Any CPU.Build.0 = Release|Any CPU
		{C8001966-1524-49F7-A81E-048DA54DDE9E}.Release|x64.ActiveCfg = Release|Any CPU
		{C8001966-1524-49F7-A81E-048DA54DDE9E}.Release|x64.Build.0 = Release|Any CPU
		{046EFB91-F066-4597-BC1D-E16AC51A1138}.Debug|Any CPU.ActiveCfg = Debug|Any CPU
		{046EFB91-F066-4597-BC1D-E16AC51A1138}.Debug|Any CPU.Build.0 = Debug|Any CPU
		{046EFB91-F066-4597-BC1D-E16AC51A1138}.Debug|x64.ActiveCfg = Debug|Any CPU
		{046EFB91-F066-4597-BC1D-E16AC51A1138}.Debug|x64.Build.0 = Debug|Any CPU
		{046EFB91-F066-4597-BC1D-E16AC51A1138}.Release|Any CPU.ActiveCfg = Release|Any CPU
		{046EFB91-F066-4597-BC1D-E16AC51A1138}.Release|Any CPU.Build.0 = Release|Any CPU
		{046EFB91-F066-4597-BC1D-E16AC51A1138}.Release|x64.ActiveCfg = Release|Any CPU
		{046EFB91-F066-4597-BC1D-E16AC51A1138}.Release|x64.Build.0 = Release|Any CPU
		{9AA756E4-0E0E-4E88-B599-009DEF96F4CC}.Debug|Any CPU.ActiveCfg = Debug|Any CPU
		{9AA756E4-0E0E-4E88-B599-009DEF96F4CC}.Debug|Any CPU.Build.0 = Debug|Any CPU
		{9AA756E4-0E0E-4E88-B599-009DEF96F4CC}.Debug|x64.ActiveCfg = Debug|Any CPU
		{9AA756E4-0E0E-4E88-B599-009DEF96F4CC}.Debug|x64.Build.0 = Debug|Any CPU
		{9AA756E4-0E0E-4E88-B599-009DEF96F4CC}.Release|Any CPU.ActiveCfg = Release|Any CPU
		{9AA756E4-0E0E-4E88-B599-009DEF96F4CC}.Release|Any CPU.Build.0 = Release|Any CPU
		{9AA756E4-0E0E-4E88-B599-009DEF96F4CC}.Release|x64.ActiveCfg = Release|Any CPU
		{9AA756E4-0E0E-4E88-B599-009DEF96F4CC}.Release|x64.Build.0 = Release|Any CPU
		{0510FF4C-C735-474D-9060-9556D5D5F143}.Debug|Any CPU.ActiveCfg = Debug|Any CPU
		{0510FF4C-C735-474D-9060-9556D5D5F143}.Debug|Any CPU.Build.0 = Debug|Any CPU
		{0510FF4C-C735-474D-9060-9556D5D5F143}.Debug|x64.ActiveCfg = Debug|Any CPU
		{0510FF4C-C735-474D-9060-9556D5D5F143}.Debug|x64.Build.0 = Debug|Any CPU
		{0510FF4C-C735-474D-9060-9556D5D5F143}.Release|Any CPU.ActiveCfg = Release|Any CPU
		{0510FF4C-C735-474D-9060-9556D5D5F143}.Release|Any CPU.Build.0 = Release|Any CPU
		{0510FF4C-C735-474D-9060-9556D5D5F143}.Release|x64.ActiveCfg = Release|Any CPU
		{0510FF4C-C735-474D-9060-9556D5D5F143}.Release|x64.Build.0 = Release|Any CPU
		{62349707-B353-4A29-868D-76BAF030B871}.Debug|Any CPU.ActiveCfg = Debug|Any CPU
		{62349707-B353-4A29-868D-76BAF030B871}.Debug|Any CPU.Build.0 = Debug|Any CPU
		{62349707-B353-4A29-868D-76BAF030B871}.Debug|x64.ActiveCfg = Debug|Any CPU
		{62349707-B353-4A29-868D-76BAF030B871}.Debug|x64.Build.0 = Debug|Any CPU
		{62349707-B353-4A29-868D-76BAF030B871}.Release|Any CPU.ActiveCfg = Release|Any CPU
		{62349707-B353-4A29-868D-76BAF030B871}.Release|Any CPU.Build.0 = Release|Any CPU
		{62349707-B353-4A29-868D-76BAF030B871}.Release|x64.ActiveCfg = Release|Any CPU
		{62349707-B353-4A29-868D-76BAF030B871}.Release|x64.Build.0 = Release|Any CPU
		{07FB0819-5D99-4246-98DD-6BE4A6E96EA8}.Debug|Any CPU.ActiveCfg = Debug|Any CPU
		{07FB0819-5D99-4246-98DD-6BE4A6E96EA8}.Debug|Any CPU.Build.0 = Debug|Any CPU
		{07FB0819-5D99-4246-98DD-6BE4A6E96EA8}.Debug|x64.ActiveCfg = Debug|Any CPU
		{07FB0819-5D99-4246-98DD-6BE4A6E96EA8}.Debug|x64.Build.0 = Debug|Any CPU
		{07FB0819-5D99-4246-98DD-6BE4A6E96EA8}.Release|Any CPU.ActiveCfg = Release|Any CPU
		{07FB0819-5D99-4246-98DD-6BE4A6E96EA8}.Release|Any CPU.Build.0 = Release|Any CPU
		{07FB0819-5D99-4246-98DD-6BE4A6E96EA8}.Release|x64.ActiveCfg = Release|Any CPU
		{07FB0819-5D99-4246-98DD-6BE4A6E96EA8}.Release|x64.Build.0 = Release|Any CPU
		{55F61406-FFE5-471B-978E-F1FF69956269}.Debug|Any CPU.ActiveCfg = Debug|Any CPU
		{55F61406-FFE5-471B-978E-F1FF69956269}.Debug|Any CPU.Build.0 = Debug|Any CPU
		{55F61406-FFE5-471B-978E-F1FF69956269}.Debug|x64.ActiveCfg = Debug|Any CPU
		{55F61406-FFE5-471B-978E-F1FF69956269}.Debug|x64.Build.0 = Debug|Any CPU
		{55F61406-FFE5-471B-978E-F1FF69956269}.Release|Any CPU.ActiveCfg = Release|Any CPU
		{55F61406-FFE5-471B-978E-F1FF69956269}.Release|Any CPU.Build.0 = Release|Any CPU
		{55F61406-FFE5-471B-978E-F1FF69956269}.Release|x64.ActiveCfg = Release|Any CPU
		{55F61406-FFE5-471B-978E-F1FF69956269}.Release|x64.Build.0 = Release|Any CPU
		{FAA29354-4314-4B70-817F-ED9952DC5126}.Debug|Any CPU.ActiveCfg = Debug|Any CPU
		{FAA29354-4314-4B70-817F-ED9952DC5126}.Debug|Any CPU.Build.0 = Debug|Any CPU
		{FAA29354-4314-4B70-817F-ED9952DC5126}.Debug|x64.ActiveCfg = Debug|Any CPU
		{FAA29354-4314-4B70-817F-ED9952DC5126}.Debug|x64.Build.0 = Debug|Any CPU
		{FAA29354-4314-4B70-817F-ED9952DC5126}.Release|Any CPU.ActiveCfg = Release|Any CPU
		{FAA29354-4314-4B70-817F-ED9952DC5126}.Release|Any CPU.Build.0 = Release|Any CPU
		{FAA29354-4314-4B70-817F-ED9952DC5126}.Release|x64.ActiveCfg = Release|Any CPU
		{FAA29354-4314-4B70-817F-ED9952DC5126}.Release|x64.Build.0 = Release|Any CPU
		{9B806F6B-098A-48D6-9F3C-1773A61229A0}.Debug|Any CPU.ActiveCfg = Debug|Any CPU
		{9B806F6B-098A-48D6-9F3C-1773A61229A0}.Debug|Any CPU.Build.0 = Debug|Any CPU
		{9B806F6B-098A-48D6-9F3C-1773A61229A0}.Debug|x64.ActiveCfg = Debug|Any CPU
		{9B806F6B-098A-48D6-9F3C-1773A61229A0}.Debug|x64.Build.0 = Debug|Any CPU
		{9B806F6B-098A-48D6-9F3C-1773A61229A0}.Release|Any CPU.ActiveCfg = Release|Any CPU
		{9B806F6B-098A-48D6-9F3C-1773A61229A0}.Release|Any CPU.Build.0 = Release|Any CPU
		{9B806F6B-098A-48D6-9F3C-1773A61229A0}.Release|x64.ActiveCfg = Release|Any CPU
		{9B806F6B-098A-48D6-9F3C-1773A61229A0}.Release|x64.Build.0 = Release|Any CPU
		{CDC51D4B-F8F4-4F90-A255-C7B16CDDB2D6}.Debug|Any CPU.ActiveCfg = Debug|Any CPU
		{CDC51D4B-F8F4-4F90-A255-C7B16CDDB2D6}.Debug|Any CPU.Build.0 = Debug|Any CPU
		{CDC51D4B-F8F4-4F90-A255-C7B16CDDB2D6}.Debug|x64.ActiveCfg = Debug|Any CPU
		{CDC51D4B-F8F4-4F90-A255-C7B16CDDB2D6}.Debug|x64.Build.0 = Debug|Any CPU
		{CDC51D4B-F8F4-4F90-A255-C7B16CDDB2D6}.Release|Any CPU.ActiveCfg = Release|Any CPU
		{CDC51D4B-F8F4-4F90-A255-C7B16CDDB2D6}.Release|Any CPU.Build.0 = Release|Any CPU
		{CDC51D4B-F8F4-4F90-A255-C7B16CDDB2D6}.Release|x64.ActiveCfg = Release|Any CPU
		{CDC51D4B-F8F4-4F90-A255-C7B16CDDB2D6}.Release|x64.Build.0 = Release|Any CPU
	EndGlobalSection
	GlobalSection(SolutionProperties) = preSolution
		HideSolutionNode = FALSE
	EndGlobalSection
	GlobalSection(NestedProjects) = preSolution
		{D0E2AD46-CB3C-4FA2-882E-2E50AB101D27} = {7CAFDFB5-CBF5-46EC-A5E5-ACACFADF2A5A}
		{34E4FB79-6728-4FBB-96AD-57D5C40E36F2} = {51BE80DA-2616-4993-A38B-91A89232D2CA}
		{1EB5CC3F-CB2F-4B5C-B344-FD241430A32E} = {71336C7F-3D45-4A57-BDC5-645C4350E79C}
		{D9DF25E7-E0B6-44C9-8693-8BD771EABC06} = {936ABE97-FAC6-4AD4-809D-F1A943A895B2}
		{C8001966-1524-49F7-A81E-048DA54DDE9E} = {51BE80DA-2616-4993-A38B-91A89232D2CA}
		{046EFB91-F066-4597-BC1D-E16AC51A1138} = {51BE80DA-2616-4993-A38B-91A89232D2CA}
		{9AA756E4-0E0E-4E88-B599-009DEF96F4CC} = {F0ACBB3E-7AA6-4C1B-8002-8FD57D811EE7}
		{0510FF4C-C735-474D-9060-9556D5D5F143} = {51BE80DA-2616-4993-A38B-91A89232D2CA}
		{62349707-B353-4A29-868D-76BAF030B871} = {51BE80DA-2616-4993-A38B-91A89232D2CA}
		{07FB0819-5D99-4246-98DD-6BE4A6E96EA8} = {A02A1549-A7E3-4786-8813-00BBE1A0826B}
		{55F61406-FFE5-471B-978E-F1FF69956269} = {A02A1549-A7E3-4786-8813-00BBE1A0826B}
		{9B806F6B-098A-48D6-9F3C-1773A61229A0} = {51BE80DA-2616-4993-A38B-91A89232D2CA}
		{A356662C-F063-474C-AE67-E9CD43E91B2E} = {71336C7F-3D45-4A57-BDC5-645C4350E79C}
		{CDC51D4B-F8F4-4F90-A255-C7B16CDDB2D6} = {7CAFDFB5-CBF5-46EC-A5E5-ACACFADF2A5A}
	EndGlobalSection
	GlobalSection(ExtensibilityGlobals) = postSolution
		SolutionGuid = {7B591F88-6DEB-43AE-89A0-34EB409704C2}
	EndGlobalSection
EndGlobal
